<?xml version="1.0" encoding="utf-8"?>
<Project ToolsVersion="4.0" xmlns="http://schemas.microsoft.com/developer/msbuild/2003">
  <ItemGroup>
    <ClCompile Include="source\Math.cpp" />
    <ClCompile Include="source\Mesh.cpp" />
    <ClCompile Include="source\Model.cpp" />
    <ClCompile Include="source\Plane.cpp" />
    <ClCompile Include="source\Program.cpp" />
    <ClCompile Include="source\Shader.cpp" />
    <ClCompile Include="source\Starter.cpp" />
    <ClCompile Include="source\Collision.cpp" />
    <ClCompile Include="source\imGUI\imgui.cpp" />
    <ClCompile Include="source\imGUI\imgui_demo.cpp" />
    <ClCompile Include="source\imGUI\imgui_draw.cpp" />
    <ClCompile Include="source\imGUI\imgui_impl_opengl3.cpp" />
    <ClCompile Include="source\imGUI\imgui_tables.cpp" />
    <ClCompile Include="source\imGUI\imgui_widgets.cpp" />
    <ClCompile Include="source\imGUI\imgui_impl_sdl2.cpp" />
    <ClCompile Include="source\Object.cpp" />
  </ItemGroup>
  <ItemGroup>
    <ClInclude Include="source\Math.hpp" />
    <ClInclude Include="source\Mesh.hpp" />
    <ClInclude Include="source\Model.hpp" />
    <ClInclude Include="source\Plane.hpp" />
    <ClInclude Include="source\Program.hpp" />
    <ClInclude Include="source\Shader.hpp" />
    <ClInclude Include="source\Collision.hpp" />
    <ClInclude Include="source\imGUI\imconfig.h" />
    <ClInclude Include="source\imGUI\imgui.h" />
    <ClInclude Include="source\imGUI\imgui_impl_opengl3.h" />
    <ClInclude Include="source\imGUI\imgui_internal.h" />
    <ClInclude Include="source\imGUI\imstb_rectpack.h" />
    <ClInclude Include="source\imGUI\imstb_textedit.h" />
    <ClInclude Include="source\imGUI\imstb_truetype.h" />
    <ClInclude Include="source\imGUI\imgui_impl_opengl3_loader.h" />
    <ClInclude Include="source\imGUI\imgui_impl_sdl2.h" />
    <ClInclude Include="source\Object.hpp" />
  </ItemGroup>
</Project>